
Microsoft Visual Studio Solution File, Format Version 12.00
# Visual Studio Version 17
VisualStudioVersion = 17.5.002.0
MinimumVisualStudioVersion = 10.0.40219.1
Project("{9A19103F-16F7-4668-BE54-9A1E7A4F7556}") = "BtlLang", "BtlLang.csproj", "{5521AD1E-10F0-42F7-B03D-16E5F5756308}"
EndProject
Project("{FAE04EC0-301F-11D3-BF4B-00C04F79EFBC}") = "BtlLangTests", "..\..\test\BtlLangTests\BtlLangTests.csproj", "{192DE007-AD5F-43BE-987F-382EF04EA240}"
EndProject
Global
	GlobalSection(SolutionConfigurationPlatforms) = preSolution
		Debug|Any CPU = Debug|Any CPU
		Release|Any CPU = Release|Any CPU
	EndGlobalSection
	GlobalSection(ProjectConfigurationPlatforms) = postSolution
		{5521AD1E-10F0-42F7-B03D-16E5F5756308}.Debug|Any CPU.ActiveCfg = Debug|Any CPU
		{5521AD1E-10F0-42F7-B03D-16E5F5756308}.Debug|Any CPU.Build.0 = Debug|Any CPU
		{5521AD1E-10F0-42F7-B03D-16E5F5756308}.Release|Any CPU.ActiveCfg = Release|Any CPU
		{5521AD1E-10F0-42F7-B03D-16E5F5756308}.Release|Any CPU.Build.0 = Release|Any CPU
		{192DE007-AD5F-43BE-987F-382EF04EA240}.Debug|Any CPU.ActiveCfg = Debug|Any CPU
		{192DE007-AD5F-43BE-987F-382EF04EA240}.Debug|Any CPU.Build.0 = Debug|Any CPU
		{192DE007-AD5F-43BE-987F-382EF04EA240}.Release|Any CPU.ActiveCfg = Release|Any CPU
		{192DE007-AD5F-43BE-987F-382EF04EA240}.Release|Any CPU.Build.0 = Release|Any CPU
	EndGlobalSection
	GlobalSection(SolutionProperties) = preSolution
		HideSolutionNode = FALSE
	EndGlobalSection
	GlobalSection(ExtensibilityGlobals) = postSolution
		SolutionGuid = {2C27D17F-A05F-4F72-BC47-82C78F504651}
	EndGlobalSection
EndGlobal
